
Microsoft Visual Studio Solution File, Format Version 12.00
# Visual Studio 2013
VisualStudioVersion = 12.0.30723.0
MinimumVisualStudioVersion = 10.0.40219.1
Project("{FAE04EC0-301F-11D3-BF4B-00C04F79EFBC}") = "Northwind.Tests", "Northwind.Tests\Northwind.Tests.csproj", "{705C3EAC-7354-41C3-9929-7BB6F4669B67}"
EndProject
Project("{2150E333-8FDC-42A3-9474-1A3956D46DE8}") = ".shared", ".shared", "{D44D944F-835A-4AAD-925D-C7077963D9AB}"
	ProjectSection(SolutionItems) = preProject
		SharedAssemblyInfo.cs = SharedAssemblyInfo.cs
	EndProjectSection
EndProject
Project("{FAE04EC0-301F-11D3-BF4B-00C04F79EFBC}") = "Northwind.Core", "Northwind.Core\Northwind.Core.csproj", "{19ADA448-CEA3-4230-8E44-18DCE3A7FAEB}"
EndProject
Project("{FAE04EC0-301F-11D3-BF4B-00C04F79EFBC}") = "Northwind.Web", "Northwind.Web\Northwind.Web.csproj", "{710E5588-0021-4AD4-90A3-E5C62F7D27B4}"
EndProject
Project("{2150E333-8FDC-42A3-9474-1A3956D46DE8}") = "application", "application", "{01F7D5BC-F84C-43C9-B0E3-8B9845F7D2E0}"
EndProject
Project("{2150E333-8FDC-42A3-9474-1A3956D46DE8}") = "tests", "tests", "{2F26CA8B-99B4-444F-8DF5-83CD6DBBA2BF}"
EndProject
Project("{2150E333-8FDC-42A3-9474-1A3956D46DE8}") = ".docs", ".docs", "{65181A05-E5BD-49EA-AFA2-7C92E1E94F20}"
	ProjectSection(SolutionItems) = preProject
		..\docs\user-stories.txt = ..\docs\user-stories.txt
	EndProjectSection
EndProject
Project("{FAE04EC0-301F-11D3-BF4B-00C04F79EFBC}") = "Northwind.Read", "Northwind.Read\Northwind.Read.csproj", "{3042322E-B85B-462B-BA33-533A83458C17}"
EndProject
Global
	GlobalSection(SolutionConfigurationPlatforms) = preSolution
		Debug|Any CPU = Debug|Any CPU
		Release|Any CPU = Release|Any CPU
	EndGlobalSection
	GlobalSection(ProjectConfigurationPlatforms) = postSolution
		{705C3EAC-7354-41C3-9929-7BB6F4669B67}.Debug|Any CPU.ActiveCfg = Debug|Any CPU
		{705C3EAC-7354-41C3-9929-7BB6F4669B67}.Debug|Any CPU.Build.0 = Debug|Any CPU
		{705C3EAC-7354-41C3-9929-7BB6F4669B67}.Release|Any CPU.ActiveCfg = Release|Any CPU
		{705C3EAC-7354-41C3-9929-7BB6F4669B67}.Release|Any CPU.Build.0 = Release|Any CPU
		{19ADA448-CEA3-4230-8E44-18DCE3A7FAEB}.Debug|Any CPU.ActiveCfg = Debug|Any CPU
		{19ADA448-CEA3-4230-8E44-18DCE3A7FAEB}.Debug|Any CPU.Build.0 = Debug|Any CPU
		{19ADA448-CEA3-4230-8E44-18DCE3A7FAEB}.Release|Any CPU.ActiveCfg = Release|Any CPU
		{19ADA448-CEA3-4230-8E44-18DCE3A7FAEB}.Release|Any CPU.Build.0 = Release|Any CPU
		{710E5588-0021-4AD4-90A3-E5C62F7D27B4}.Debug|Any CPU.ActiveCfg = Debug|Any CPU
		{710E5588-0021-4AD4-90A3-E5C62F7D27B4}.Debug|Any CPU.Build.0 = Debug|Any CPU
		{710E5588-0021-4AD4-90A3-E5C62F7D27B4}.Release|Any CPU.ActiveCfg = Release|Any CPU
		{710E5588-0021-4AD4-90A3-E5C62F7D27B4}.Release|Any CPU.Build.0 = Release|Any CPU
		{3042322E-B85B-462B-BA33-533A83458C17}.Debug|Any CPU.ActiveCfg = Debug|Any CPU
		{3042322E-B85B-462B-BA33-533A83458C17}.Debug|Any CPU.Build.0 = Debug|Any CPU
		{3042322E-B85B-462B-BA33-533A83458C17}.Release|Any CPU.ActiveCfg = Release|Any CPU
		{3042322E-B85B-462B-BA33-533A83458C17}.Release|Any CPU.Build.0 = Release|Any CPU
	EndGlobalSection
	GlobalSection(SolutionProperties) = preSolution
		HideSolutionNode = FALSE
	EndGlobalSection
	GlobalSection(NestedProjects) = preSolution
		{705C3EAC-7354-41C3-9929-7BB6F4669B67} = {2F26CA8B-99B4-444F-8DF5-83CD6DBBA2BF}
		{19ADA448-CEA3-4230-8E44-18DCE3A7FAEB} = {01F7D5BC-F84C-43C9-B0E3-8B9845F7D2E0}
		{710E5588-0021-4AD4-90A3-E5C62F7D27B4} = {01F7D5BC-F84C-43C9-B0E3-8B9845F7D2E0}
		{3042322E-B85B-462B-BA33-533A83458C17} = {01F7D5BC-F84C-43C9-B0E3-8B9845F7D2E0}
	EndGlobalSection
EndGlobal
